{
  "object": {
    "pins": [
      {
        "package": "Surrow",
        "repositoryURL": "https://github.com/thysmesi/surrow.git",
        "state": {
          "branch": null,
          "revision": "bfb11c7ffdd29a377ba37b3683c8e731c463554e",
          "version": "1.0.2"
        }
      }
    ]
  },
  "version": 1
}
