{
  "object": {
    "pins": [
      {
        "package": "Surrow",
        "repositoryURL": "https://github.com/thysmesi/surrow.git",
        "state": {
          "branch": null,
          "revision": "ec374e80a4aad5f0778a09ab6ca0c2e25552c23a",
          "version": "1.0.0"
        }
      }
    ]
  },
  "version": 1
}
