{
  "object": {
    "pins": [
      {
        "package": "Surrow",
        "repositoryURL": "https://github.com/thysmesi/surrow.git",
        "state": {
          "branch": "main",
          "revision": "c8ea9a7a764522cf302e0b0a5ddbc76f307aa3cd",
          "version": null
        }
      }
    ]
  },
  "version": 1
}
